# This file is autogenerated, do not edit; changes may be undone by the next 'dep ensure'.


[[projects]]
  branch = "api-0.12"
  name = "github.com/fluent/fluent-bit-go"
  packages = ["output"]
  revision = "806ab5ebd64b7bd4fffe4df16c447e090dcec28c"

[[projects]]
  branch = "master"
  name = "github.com/ugorji/go"
  packages = ["codec"]
  revision = "54210f4e076c57f351166f0ed60e67d3fca57a36"

[solve-meta]
  analyzer-name = "dep"
  analyzer-version = 1
  inputs-digest = "4ed25650019d44dc5ead23e143f9e247af7c86877fda7112a981ed439248b31e"
  solver-name = "gps-cdcl"
  solver-version = 1
